// !$*UTF8*$!
{
	archiveVersion = 1;
	classes = {
	};
	objectVersion = 56;
	objects = {

/* Begin PBXBuildFile section */
		1BA26A9B2BB17D50001ACAA8 /* AppDelegate.swift in Sources */ = {isa = PBXBuildFile; fileRef = 1BA26A9A2BB17D50001ACAA8 /* AppDelegate.swift */; };
		1BA26A9D2BB17D50001ACAA8 /* SceneDelegate.swift in Sources */ = {isa = PBXBuildFile; fileRef = 1BA26A9C2BB17D50001ACAA8 /* SceneDelegate.swift */; };
		1BA26A9F2BB17D50001ACAA8 /* ViewController.swift in Sources */ = {isa = PBXBuildFile; fileRef = 1BA26A9E2BB17D50001ACAA8 /* ViewController.swift */; };
		1BA26AA22BB17D50001ACAA8 /* Main.storyboard in Resources */ = {isa = PBXBuildFile; fileRef = 1BA26AA02BB17D50001ACAA8 /* Main.storyboard */; };
		1BA26AA42BB17D51001ACAA8 /* Assets.xcassets in Resources */ = {isa = PBXBuildFile; fileRef = 1BA26AA32BB17D51001ACAA8 /* Assets.xcassets */; };
		1BA26AA72BB17D51001ACAA8 /* LaunchScreen.storyboard in Resources */ = {isa = PBXBuildFile; fileRef = 1BA26AA52BB17D51001ACAA8 /* LaunchScreen.storyboard */; };
		1BA26AB22BB17D51001ACAA8 /* Journal_AppTests.swift in Sources */ = {isa = PBXBuildFile; fileRef = 1BA26AB12BB17D51001ACAA8 /* Journal_AppTests.swift */; };
		1BA26ABC2BB17D51001ACAA8 /* Journal_AppUITests.swift in Sources */ = {isa = PBXBuildFile; fileRef = 1BA26ABB2BB17D51001ACAA8 /* Journal_AppUITests.swift */; };
		1BA26ABE2BB17D51001ACAA8 /* Journal_AppUITestsLaunchTests.swift in Sources */ = {isa = PBXBuildFile; fileRef = 1BA26ABD2BB17D51001ACAA8 /* Journal_AppUITestsLaunchTests.swift */; };
/* End PBXBuildFile section */

/* Begin PBXContainerItemProxy section */
		1BA26AAE2BB17D51001ACAA8 /* PBXContainerItemProxy */ = {
			isa = PBXContainerItemProxy;
			containerPortal = 1BA26A8F2BB17D50001ACAA8 /* Project object */;
			proxyType = 1;
			remoteGlobalIDString = 1BA26A962BB17D50001ACAA8;
			remoteInfo = "Journal App";
		};
		1BA26AB82BB17D51001ACAA8 /* PBXContainerItemProxy */ = {
			isa = PBXContainerItemProxy;
			containerPortal = 1BA26A8F2BB17D50001ACAA8 /* Project object */;
			proxyType = 1;
			remoteGlobalIDString = 1BA26A962BB17D50001ACAA8;
			remoteInfo = "Journal App";
		};
/* End PBXContainerItemProxy section */

/* Begin PBXFileReference section */
		1BA26A972BB17D50001ACAA8 /* Journal App.app */ = {isa = PBXFileReference; explicitFileType = wrapper.application; includeInIndex = 0; path = "Journal App.app"; sourceTree = BUILT_PRODUCTS_DIR; };
		1BA26A9A2BB17D50001ACAA8 /* AppDelegate.swift */ = {isa = PBXFileReference; lastKnownFileType = sourcecode.swift; path = AppDelegate.swift; sourceTree = "<group>"; };
		1BA26A9C2BB17D50001ACAA8 /* SceneDelegate.swift */ = {isa = PBXFileReference; lastKnownFileType = sourcecode.swift; path = SceneDelegate.swift; sourceTree = "<group>"; };
		1BA26A9E2BB17D50001ACAA8 /* ViewController.swift */ = {isa = PBXFileReference; lastKnownFileType = sourcecode.swift; path = ViewController.swift; sourceTree = "<group>"; };
		1BA26AA12BB17D50001ACAA8 /* Base */ = {isa = PBXFileReference; lastKnownFileType = file.storyboard; name = Base; path = Base.lproj/Main.storyboard; sourceTree = "<group>"; };
		1BA26AA32BB17D51001ACAA8 /* Assets.xcassets */ = {isa = PBXFileReference; lastKnownFileType = folder.assetcatalog; path = Assets.xcassets; sourceTree = "<group>"; };
		1BA26AA62BB17D51001ACAA8 /* Base */ = {isa = PBXFileReference; lastKnownFileType = file.storyboard; name = Base; path = Base.lproj/LaunchScreen.storyboard; sourceTree = "<group>"; };
		1BA26AA82BB17D51001ACAA8 /* Info.plist */ = {isa = PBXFileReference; lastKnownFileType = text.plist.xml; path = Info.plist; sourceTree = "<group>"; };
		1BA26AAD2BB17D51001ACAA8 /* Journal AppTests.xctest */ = {isa = PBXFileReference; explicitFileType = wrapper.cfbundle; includeInIndex = 0; path = "Journal AppTests.xctest"; sourceTree = BUILT_PRODUCTS_DIR; };
		1BA26AB12BB17D51001ACAA8 /* Journal_AppTests.swift */ = {isa = PBXFileReference; lastKnownFileType = sourcecode.swift; path = Journal_AppTests.swift; sourceTree = "<group>"; };
		1BA26AB72BB17D51001ACAA8 /* Journal AppUITests.xctest */ = {isa = PBXFileReference; explicitFileType = wrapper.cfbundle; includeInIndex = 0; path = "Journal AppUITests.xctest"; sourceTree = BUILT_PRODUCTS_DIR; };
		1BA26ABB2BB17D51001ACAA8 /* Journal_AppUITests.swift */ = {isa = PBXFileReference; lastKnownFileType = sourcecode.swift; path = Journal_AppUITests.swift; sourceTree = "<group>"; };
		1BA26ABD2BB17D51001ACAA8 /* Journal_AppUITestsLaunchTests.swift */ = {isa = PBXFileReference; lastKnownFileType = sourcecode.swift; path = Journal_AppUITestsLaunchTests.swift; sourceTree = "<group>"; };
/* End PBXFileReference section */

/* Begin PBXFrameworksBuildPhase section */
		1BA26A942BB17D50001ACAA8 /* Frameworks */ = {
			isa = PBXFrameworksBuildPhase;
			buildActionMask = 2147483647;
			files = (
			);
			runOnlyForDeploymentPostprocessing = 0;
		};
		1BA26AAA2BB17D51001ACAA8 /* Frameworks */ = {
			isa = PBXFrameworksBuildPhase;
			buildActionMask = 2147483647;
			files = (
			);
			runOnlyForDeploymentPostprocessing = 0;
		};
		1BA26AB42BB17D51001ACAA8 /* Frameworks */ = {
			isa = PBXFrameworksBuildPhase;
			buildActionMask = 2147483647;
			files = (
			);
			runOnlyForDeploymentPostprocessing = 0;
		};
/* End PBXFrameworksBuildPhase section */

/* Begin PBXGroup section */
		1BA26A8E2BB17D50001ACAA8 = {
			isa = PBXGroup;
			children = (
				1BA26A992BB17D50001ACAA8 /* Journal App */,
				1BA26AB02BB17D51001ACAA8 /* Journal AppTests */,
				1BA26ABA2BB17D51001ACAA8 /* Journal AppUITests */,
				1BA26A982BB17D50001ACAA8 /* Products */,
			);
			sourceTree = "<group>";
		};
		1BA26A982BB17D50001ACAA8 /* Products */ = {
			isa = PBXGroup;
			children = (
				1BA26A972BB17D50001ACAA8 /* Journal App.app */,
				1BA26AAD2BB17D51001ACAA8 /* Journal AppTests.xctest */,
				1BA26AB72BB17D51001ACAA8 /* Journal AppUITests.xctest */,
			);
			name = Products;
			sourceTree = "<group>";
		};
		1BA26A992BB17D50001ACAA8 /* Journal App */ = {
			isa = PBXGroup;
			children = (
				1BA26A9A2BB17D50001ACAA8 /* AppDelegate.swift */,
				1BA26A9C2BB17D50001ACAA8 /* SceneDelegate.swift */,
				1BA26A9E2BB17D50001ACAA8 /* ViewController.swift */,
				1BA26AA02BB17D50001ACAA8 /* Main.storyboard */,
				1BA26AA32BB17D51001ACAA8 /* Assets.xcassets */,
				1BA26AA52BB17D51001ACAA8 /* LaunchScreen.storyboard */,
				1BA26AA82BB17D51001ACAA8 /* Info.plist */,
			);
			path = "Journal App";
			sourceTree = "<group>";
		};
		1BA26AB02BB17D51001ACAA8 /* Journal AppTests */ = {
			isa = PBXGroup;
			children = (
				1BA26AB12BB17D51001ACAA8 /* Journal_AppTests.swift */,
			);
			path = "Journal AppTests";
			sourceTree = "<group>";
		};
		1BA26ABA2BB17D51001ACAA8 /* Journal AppUITests */ = {
			isa = PBXGroup;
			children = (
				1BA26ABB2BB17D51001ACAA8 /* Journal_AppUITests.swift */,
				1BA26ABD2BB17D51001ACAA8 /* Journal_AppUITestsLaunchTests.swift */,
			);
			path = "Journal AppUITests";
			sourceTree = "<group>";
		};
/* End PBXGroup section */

/* Begin PBXNativeTarget section */
		1BA26A962BB17D50001ACAA8 /* Journal App */ = {
			isa = PBXNativeTarget;
			buildConfigurationList = 1BA26AC12BB17D51001ACAA8 /* Build configuration list for PBXNativeTarget "Journal App" */;
			buildPhases = (
				1BA26A932BB17D50001ACAA8 /* Sources */,
				1BA26A942BB17D50001ACAA8 /* Frameworks */,
				1BA26A952BB17D50001ACAA8 /* Resources */,
			);
			buildRules = (
			);
			dependencies = (
			);
			name = "Journal App";
			productName = "Journal App";
			productReference = 1BA26A972BB17D50001ACAA8 /* Journal App.app */;
			productType = "com.apple.product-type.application";
		};
		1BA26AAC2BB17D51001ACAA8 /* Journal AppTests */ = {
			isa = PBXNativeTarget;
			buildConfigurationList = 1BA26AC42BB17D51001ACAA8 /* Build configuration list for PBXNativeTarget "Journal AppTests" */;
			buildPhases = (
				1BA26AA92BB17D51001ACAA8 /* Sources */,
				1BA26AAA2BB17D51001ACAA8 /* Frameworks */,
				1BA26AAB2BB17D51001ACAA8 /* Resources */,
			);
			buildRules = (
			);
			dependencies = (
				1BA26AAF2BB17D51001ACAA8 /* PBXTargetDependency */,
			);
			name = "Journal AppTests";
			productName = "Journal AppTests";
			productReference = 1BA26AAD2BB17D51001ACAA8 /* Journal AppTests.xctest */;
			productType = "com.apple.product-type.bundle.unit-test";
		};
		1BA26AB62BB17D51001ACAA8 /* Journal AppUITests */ = {
			isa = PBXNativeTarget;
			buildConfigurationList = 1BA26AC72BB17D51001ACAA8 /* Build configuration list for PBXNativeTarget "Journal AppUITests" */;
			buildPhases = (
				1BA26AB32BB17D51001ACAA8 /* Sources */,
				1BA26AB42BB17D51001ACAA8 /* Frameworks */,
				1BA26AB52BB17D51001ACAA8 /* Resources */,
			);
			buildRules = (
			);
			dependencies = (
				1BA26AB92BB17D51001ACAA8 /* PBXTargetDependency */,
			);
			name = "Journal AppUITests";
			productName = "Journal AppUITests";
			productReference = 1BA26AB72BB17D51001ACAA8 /* Journal AppUITests.xctest */;
			productType = "com.apple.product-type.bundle.ui-testing";
		};
/* End PBXNativeTarget section */

/* Begin PBXProject section */
		1BA26A8F2BB17D50001ACAA8 /* Project object */ = {
			isa = PBXProject;
			attributes = {
				BuildIndependentTargetsInParallel = 1;
				LastSwiftUpdateCheck = 1500;
				LastUpgradeCheck = 1500;
				TargetAttributes = {
					1BA26A962BB17D50001ACAA8 = {
						CreatedOnToolsVersion = 15.0;
					};
					1BA26AAC2BB17D51001ACAA8 = {
						CreatedOnToolsVersion = 15.0;
						TestTargetID = 1BA26A962BB17D50001ACAA8;
					};
					1BA26AB62BB17D51001ACAA8 = {
						CreatedOnToolsVersion = 15.0;
						TestTargetID = 1BA26A962BB17D50001ACAA8;
					};
				};
			};
			buildConfigurationList = 1BA26A922BB17D50001ACAA8 /* Build configuration list for PBXProject "Journal App" */;
			compatibilityVersion = "Xcode 14.0";
			developmentRegion = en;
			hasScannedForEncodings = 0;
			knownRegions = (
				en,
				Base,
			);
			mainGroup = 1BA26A8E2BB17D50001ACAA8;
			productRefGroup = 1BA26A982BB17D50001ACAA8 /* Products */;
			projectDirPath = "";
			projectRoot = "";
			targets = (
				1BA26A962BB17D50001ACAA8 /* Journal App */,
				1BA26AAC2BB17D51001ACAA8 /* Journal AppTests */,
				1BA26AB62BB17D51001ACAA8 /* Journal AppUITests */,
			);
		};
/* End PBXProject section */

/* Begin PBXResourcesBuildPhase section */
		1BA26A952BB17D50001ACAA8 /* Resources */ = {
			isa = PBXResourcesBuildPhase;
			buildActionMask = 2147483647;
			files = (
				1BA26AA72BB17D51001ACAA8 /* LaunchScreen.storyboard in Resources */,
				1BA26AA42BB17D51001ACAA8 /* Assets.xcassets in Resources */,
				1BA26AA22BB17D50001ACAA8 /* Main.storyboard in Resources */,
			);
			runOnlyForDeploymentPostprocessing = 0;
		};
		1BA26AAB2BB17D51001ACAA8 /* Resources */ = {
			isa = PBXResourcesBuildPhase;
			buildActionMask = 2147483647;
			files = (
			);
			runOnlyForDeploymentPostprocessing = 0;
		};
		1BA26AB52BB17D51001ACAA8 /* Resources */ = {
			isa = PBXResourcesBuildPhase;
			buildActionMask = 2147483647;
			files = (
			);
			runOnlyForDeploymentPostprocessing = 0;
		};
/* End PBXResourcesBuildPhase section */

/* Begin PBXSourcesBuildPhase section */
		1BA26A932BB17D50001ACAA8 /* Sources */ = {
			isa = PBXSourcesBuildPhase;
			buildActionMask = 2147483647;
			files = (
				1BA26A9F2BB17D50001ACAA8 /* ViewController.swift in Sources */,
				1BA26A9B2BB17D50001ACAA8 /* AppDelegate.swift in Sources */,
				1BA26A9D2BB17D50001ACAA8 /* SceneDelegate.swift in Sources */,
			);
			runOnlyForDeploymentPostprocessing = 0;
		};
		1BA26AA92BB17D51001ACAA8 /* Sources */ = {
			isa = PBXSourcesBuildPhase;
			buildActionMask = 2147483647;
			files = (
				1BA26AB22BB17D51001ACAA8 /* Journal_AppTests.swift in Sources */,
			);
			runOnlyForDeploymentPostprocessing = 0;
		};
		1BA26AB32BB17D51001ACAA8 /* Sources */ = {
			isa = PBXSourcesBuildPhase;
			buildActionMask = 2147483647;
			files = (
				1BA26ABE2BB17D51001ACAA8 /* Journal_AppUITestsLaunchTests.swift in Sources */,
				1BA26ABC2BB17D51001ACAA8 /* Journal_AppUITests.swift in Sources */,
			);
			runOnlyForDeploymentPostprocessing = 0;
		};
/* End PBXSourcesBuildPhase section */

/* Begin PBXTargetDependency section */
		1BA26AAF2BB17D51001ACAA8 /* PBXTargetDependency */ = {
			isa = PBXTargetDependency;
			target = 1BA26A962BB17D50001ACAA8 /* Journal App */;
			targetProxy = 1BA26AAE2BB17D51001ACAA8 /* PBXContainerItemProxy */;
		};
		1BA26AB92BB17D51001ACAA8 /* PBXTargetDependency */ = {
			isa = PBXTargetDependency;
			target = 1BA26A962BB17D50001ACAA8 /* Journal App */;
			targetProxy = 1BA26AB82BB17D51001ACAA8 /* PBXContainerItemProxy */;
		};
/* End PBXTargetDependency section */

/* Begin PBXVariantGroup section */
		1BA26AA02BB17D50001ACAA8 /* Main.storyboard */ = {
			isa = PBXVariantGroup;
			children = (
				1BA26AA12BB17D50001ACAA8 /* Base */,
			);
			name = Main.storyboard;
			sourceTree = "<group>";
		};
		1BA26AA52BB17D51001ACAA8 /* LaunchScreen.storyboard */ = {
			isa = PBXVariantGroup;
			children = (
				1BA26AA62BB17D51001ACAA8 /* Base */,
			);
			name = LaunchScreen.storyboard;
			sourceTree = "<group>";
		};
/* End PBXVariantGroup section */

/* Begin XCBuildConfiguration section */
		1BA26ABF2BB17D51001ACAA8 /* Debug */ = {
			isa = XCBuildConfiguration;
			buildSettings = {
				ALWAYS_SEARCH_USER_PATHS = NO;
				ASSETCATALOG_COMPILER_GENERATE_SWIFT_ASSET_SYMBOL_EXTENSIONS = YES;
				CLANG_ANALYZER_NONNULL = YES;
				CLANG_ANALYZER_NUMBER_OBJECT_CONVERSION = YES_AGGRESSIVE;
				CLANG_CXX_LANGUAGE_STANDARD = "gnu++20";
				CLANG_ENABLE_MODULES = YES;
				CLANG_ENABLE_OBJC_ARC = YES;
				CLANG_ENABLE_OBJC_WEAK = YES;
				CLANG_WARN_BLOCK_CAPTURE_AUTORELEASING = YES;
				CLANG_WARN_BOOL_CONVERSION = YES;
				CLANG_WARN_COMMA = YES;
				CLANG_WARN_CONSTANT_CONVERSION = YES;
				CLANG_WARN_DEPRECATED_OBJC_IMPLEMENTATIONS = YES;
				CLANG_WARN_DIRECT_OBJC_ISA_USAGE = YES_ERROR;
				CLANG_WARN_DOCUMENTATION_COMMENTS = YES;
				CLANG_WARN_EMPTY_BODY = YES;
				CLANG_WARN_ENUM_CONVERSION = YES;
				CLANG_WARN_INFINITE_RECURSION = YES;
				CLANG_WARN_INT_CONVERSION = YES;
				CLANG_WARN_NON_LITERAL_NULL_CONVERSION = YES;
				CLANG_WARN_OBJC_IMPLICIT_RETAIN_SELF = YES;
				CLANG_WARN_OBJC_LITERAL_CONVERSION = YES;
				CLANG_WARN_OBJC_ROOT_CLASS = YES_ERROR;
				CLANG_WARN_QUOTED_INCLUDE_IN_FRAMEWORK_HEADER = YES;
				CLANG_WARN_RANGE_LOOP_ANALYSIS = YES;
				CLANG_WARN_STRICT_PROTOTYPES = YES;
				CLANG_WARN_SUSPICIOUS_MOVE = YES;
				CLANG_WARN_UNGUARDED_AVAILABILITY = YES_AGGRESSIVE;
				CLANG_WARN_UNREACHABLE_CODE = YES;
				CLANG_WARN__DUPLICATE_METHOD_MATCH = YES;
				COPY_PHASE_STRIP = NO;
				DEBUG_INFORMATION_FORMAT = dwarf;
				ENABLE_STRICT_OBJC_MSGSEND = YES;
				ENABLE_TESTABILITY = YES;
				ENABLE_USER_SCRIPT_SANDBOXING = YES;
				GCC_C_LANGUAGE_STANDARD = gnu17;
				GCC_DYNAMIC_NO_PIC = NO;
				GCC_NO_COMMON_BLOCKS = YES;
				GCC_OPTIMIZATION_LEVEL = 0;
				GCC_PREPROCESSOR_DEFINITIONS = (
					"DEBUG=1",
					"$(inherited)",
				);
				GCC_WARN_64_TO_32_BIT_CONVERSION = YES;
				GCC_WARN_ABOUT_RETURN_TYPE = YES_ERROR;
				GCC_WARN_UNDECLARED_SELECTOR = YES;
				GCC_WARN_UNINITIALIZED_AUTOS = YES_AGGRESSIVE;
				GCC_WARN_UNUSED_FUNCTION = YES;
				GCC_WARN_UNUSED_VARIABLE = YES;
				IPHONEOS_DEPLOYMENT_TARGET = 17.0;
				LOCALIZATION_PREFERS_STRING_CATALOGS = YES;
				MTL_ENABLE_DEBUG_INFO = INCLUDE_SOURCE;
				MTL_FAST_MATH = YES;
				ONLY_ACTIVE_ARCH = YES;
				SDKROOT = iphoneos;
				SWIFT_ACTIVE_COMPILATION_CONDITIONS = "DEBUG $(inherited)";
				SWIFT_OPTIMIZATION_LEVEL = "-Onone";
			};
			name = Debug;
		};
		1BA26AC02BB17D51001ACAA8 /* Release */ = {
			isa = XCBuildConfiguration;
			buildSettings = {
				ALWAYS_SEARCH_USER_PATHS = NO;
				ASSETCATALOG_COMPILER_GENERATE_SWIFT_ASSET_SYMBOL_EXTENSIONS = YES;
				CLANG_ANALYZER_NONNULL = YES;
				CLANG_ANALYZER_NUMBER_OBJECT_CONVERSION = YES_AGGRESSIVE;
				CLANG_CXX_LANGUAGE_STANDARD = "gnu++20";
				CLANG_ENABLE_MODULES = YES;
				CLANG_ENABLE_OBJC_ARC = YES;
				CLANG_ENABLE_OBJC_WEAK = YES;
				CLANG_WARN_BLOCK_CAPTURE_AUTORELEASING = YES;
				CLANG_WARN_BOOL_CONVERSION = YES;
				CLANG_WARN_COMMA = YES;
				CLANG_WARN_CONSTANT_CONVERSION = YES;
				CLANG_WARN_DEPRECATED_OBJC_IMPLEMENTATIONS = YES;
				CLANG_WARN_DIRECT_OBJC_ISA_USAGE = YES_ERROR;
				CLANG_WARN_DOCUMENTATION_COMMENTS = YES;
				CLANG_WARN_EMPTY_BODY = YES;
				CLANG_WARN_ENUM_CONVERSION = YES;
				CLANG_WARN_INFINITE_RECURSION = YES;
				CLANG_WARN_INT_CONVERSION = YES;
				CLANG_WARN_NON_LITERAL_NULL_CONVERSION = YES;
				CLANG_WARN_OBJC_IMPLICIT_RETAIN_SELF = YES;
				CLANG_WARN_OBJC_LITERAL_CONVERSION = YES;
				CLANG_WARN_OBJC_ROOT_CLASS = YES_ERROR;
				CLANG_WARN_QUOTED_INCLUDE_IN_FRAMEWORK_HEADER = YES;
				CLANG_WARN_RANGE_LOOP_ANALYSIS = YES;
				CLANG_WARN_STRICT_PROTOTYPES = YES;
				CLANG_WARN_SUSPICIOUS_MOVE = YES;
				CLANG_WARN_UNGUARDED_AVAILABILITY = YES_AGGRESSIVE;
				CLANG_WARN_UNREACHABLE_CODE = YES;
				CLANG_WARN__DUPLICATE_METHOD_MATCH = YES;
				COPY_PHASE_STRIP = NO;
				DEBUG_INFORMATION_FORMAT = "dwarf-with-dsym";
				ENABLE_NS_ASSERTIONS = NO;
				ENABLE_STRICT_OBJC_MSGSEND = YES;
				ENABLE_USER_SCRIPT_SANDBOXING = YES;
				GCC_C_LANGUAGE_STANDARD = gnu17;
				GCC_NO_COMMON_BLOCKS = YES;
				GCC_WARN_64_TO_32_BIT_CONVERSION = YES;
				GCC_WARN_ABOUT_RETURN_TYPE = YES_ERROR;
				GCC_WARN_UNDECLARED_SELECTOR = YES;
				GCC_WARN_UNINITIALIZED_AUTOS = YES_AGGRESSIVE;
				GCC_WARN_UNUSED_FUNCTION = YES;
				GCC_WARN_UNUSED_VARIABLE = YES;
				IPHONEOS_DEPLOYMENT_TARGET = 17.0;
				LOCALIZATION_PREFERS_STRING_CATALOGS = YES;
				MTL_ENABLE_DEBUG_INFO = NO;
				MTL_FAST_MATH = YES;
				SDKROOT = iphoneos;
				SWIFT_COMPILATION_MODE = wholemodule;
				VALIDATE_PRODUCT = YES;
			};
			name = Release;
		};
		1BA26AC22BB17D51001ACAA8 /* Debug */ = {
			isa = XCBuildConfiguration;
			buildSettings = {
				ASSETCATALOG_COMPILER_APPICON_NAME = AppIcon;
				ASSETCATALOG_COMPILER_GLOBAL_ACCENT_COLOR_NAME = AccentColor;
				CODE_SIGN_STYLE = Automatic;
				CURRENT_PROJECT_VERSION = 1;
				GENERATE_INFOPLIST_FILE = YES;
				INFOPLIST_FILE = "Journal App/Info.plist";
				INFOPLIST_KEY_UIApplicationSupportsIndirectInputEvents = YES;
				INFOPLIST_KEY_UILaunchStoryboardName = LaunchScreen;
				INFOPLIST_KEY_UIMainStoryboardFile = Main;
				INFOPLIST_KEY_UISupportedInterfaceOrientations_iPad = "UIInterfaceOrientationPortrait UIInterfaceOrientationPortraitUpsideDown UIInterfaceOrientationLandscapeLeft UIInterfaceOrientationLandscapeRight";
				INFOPLIST_KEY_UISupportedInterfaceOrientations_iPhone = "UIInterfaceOrientationPortrait UIInterfaceOrientationLandscapeLeft UIInterfaceOrientationLandscapeRight";
				LD_RUNPATH_SEARCH_PATHS = (
					"$(inherited)",
					"@executable_path/Frameworks",
				);
				MARKETING_VERSION = 1.0;
				PRODUCT_BUNDLE_IDENTIFIER = "com.example.Journal-App";
				PRODUCT_NAME = "$(TARGET_NAME)";
				SWIFT_EMIT_LOC_STRINGS = YES;
				SWIFT_VERSION = 5.0;
				TARGETED_DEVICE_FAMILY = "1,2";
			};
			name = Debug;
		};
		1BA26AC32BB17D51001ACAA8 /* Release */ = {
			isa = XCBuildConfiguration;
			buildSettings = {
				ASSETCATALOG_COMPILER_APPICON_NAME = AppIcon;
				ASSETCATALOG_COMPILER_GLOBAL_ACCENT_COLOR_NAME = AccentColor;
				CODE_SIGN_STYLE = Automatic;
				CURRENT_PROJECT_VERSION = 1;
				GENERATE_INFOPLIST_FILE = YES;
				INFOPLIST_FILE = "Journal App/Info.plist";
				INFOPLIST_KEY_UIApplicationSupportsIndirectInputEvents = YES;
				INFOPLIST_KEY_UILaunchStoryboardName = LaunchScreen;
				INFOPLIST_KEY_UIMainStoryboardFile = Main;
				INFOPLIST_KEY_UISupportedInterfaceOrientations_iPad = "UIInterfaceOrientationPortrait UIInterfaceOrientationPortraitUpsideDown UIInterfaceOrientationLandscapeLeft UIInterfaceOrientationLandscapeRight";
				INFOPLIST_KEY_UISupportedInterfaceOrientations_iPhone = "UIInterfaceOrientationPortrait UIInterfaceOrientationLandscapeLeft UIInterfaceOrientationLandscapeRight";
				LD_RUNPATH_SEARCH_PATHS = (
					"$(inherited)",
					"@executable_path/Frameworks",
				);
				MARKETING_VERSION = 1.0;
				PRODUCT_BUNDLE_IDENTIFIER = "com.example.Journal-App";
				PRODUCT_NAME = "$(TARGET_NAME)";
				SWIFT_EMIT_LOC_STRINGS = YES;
				SWIFT_VERSION = 5.0;
				TARGETED_DEVICE_FAMILY = "1,2";
			};
			name = Release;
		};
		1BA26AC52BB17D51001ACAA8 /* Debug */ = {
			isa = XCBuildConfiguration;
			buildSettings = {
				ALWAYS_EMBED_SWIFT_STANDARD_LIBRARIES = YES;
				BUNDLE_LOADER = "$(TEST_HOST)";
				CODE_SIGN_STYLE = Automatic;
				CURRENT_PROJECT_VERSION = 1;
				GENERATE_INFOPLIST_FILE = YES;
				IPHONEOS_DEPLOYMENT_TARGET = 17.0;
				MARKETING_VERSION = 1.0;
				PRODUCT_BUNDLE_IDENTIFIER = "com.example.Journal-AppTests";
				PRODUCT_NAME = "$(TARGET_NAME)";
				SWIFT_EMIT_LOC_STRINGS = NO;
				SWIFT_VERSION = 5.0;
				TARGETED_DEVICE_FAMILY = "1,2";
				TEST_HOST = "$(BUILT_PRODUCTS_DIR)/Journal App.app/$(BUNDLE_EXECUTABLE_FOLDER_PATH)/Journal App";
			};
			name = Debug;
		};
		1BA26AC62BB17D51001ACAA8 /* Release */ = {
			isa = XCBuildConfiguration;
			buildSettings = {
				ALWAYS_EMBED_SWIFT_STANDARD_LIBRARIES = YES;
				BUNDLE_LOADER = "$(TEST_HOST)";
				CODE_SIGN_STYLE = Automatic;
				CURRENT_PROJECT_VERSION = 1;
				GENERATE_INFOPLIST_FILE = YES;
				IPHONEOS_DEPLOYMENT_TARGET = 17.0;
				MARKETING_VERSION = 1.0;
				PRODUCT_BUNDLE_IDENTIFIER = "com.example.Journal-AppTests";
				PRODUCT_NAME = "$(TARGET_NAME)";
				SWIFT_EMIT_LOC_STRINGS = NO;
				SWIFT_VERSION = 5.0;
				TARGETED_DEVICE_FAMILY = "1,2";
				TEST_HOST = "$(BUILT_PRODUCTS_DIR)/Journal App.app/$(BUNDLE_EXECUTABLE_FOLDER_PATH)/Journal App";
			};
			name = Release;
		};
		1BA26AC82BB17D51001ACAA8 /* Debug */ = {
			isa = XCBuildConfiguration;
			buildSettings = {
				ALWAYS_EMBED_SWIFT_STANDARD_LIBRARIES = YES;
				CODE_SIGN_STYLE = Automatic;
				CURRENT_PROJECT_VERSION = 1;
				GENERATE_INFOPLIST_FILE = YES;
				MARKETING_VERSION = 1.0;
				PRODUCT_BUNDLE_IDENTIFIER = "com.example.Journal-AppUITests";
				PRODUCT_NAME = "$(TARGET_NAME)";
				SWIFT_EMIT_LOC_STRINGS = NO;
				SWIFT_VERSION = 5.0;
				TARGETED_DEVICE_FAMILY = "1,2";
				TEST_TARGET_NAME = "Journal App";
			};
			name = Debug;
		};
		1BA26AC92BB17D51001ACAA8 /* Release */ = {
			isa = XCBuildConfiguration;
			buildSettings = {
				ALWAYS_EMBED_SWIFT_STANDARD_LIBRARIES = YES;
				CODE_SIGN_STYLE = Automatic;
				CURRENT_PROJECT_VERSION = 1;
				GENERATE_INFOPLIST_FILE = YES;
				MARKETING_VERSION = 1.0;
				PRODUCT_BUNDLE_IDENTIFIER = "com.example.Journal-AppUITests";
				PRODUCT_NAME = "$(TARGET_NAME)";
				SWIFT_EMIT_LOC_STRINGS = NO;
				SWIFT_VERSION = 5.0;
				TARGETED_DEVICE_FAMILY = "1,2";
				TEST_TARGET_NAME = "Journal App";
			};
			name = Release;
		};
/* End XCBuildConfiguration section */

/* Begin XCConfigurationList section */
		1BA26A922BB17D50001ACAA8 /* Build configuration list for PBXProject "Journal App" */ = {
			isa = XCConfigurationList;
			buildConfigurations = (
				1BA26ABF2BB17D51001ACAA8 /* Debug */,
				1BA26AC02BB17D51001ACAA8 /* Release */,
			);
			defaultConfigurationIsVisible = 0;
			defaultConfigurationName = Release;
		};
		1BA26AC12BB17D51001ACAA8 /* Build configuration list for PBXNativeTarget "Journal App" */ = {
			isa = XCConfigurationList;
			buildConfigurations = (
				1BA26AC22BB17D51001ACAA8 /* Debug */,
				1BA26AC32BB17D51001ACAA8 /* Release */,
			);
			defaultConfigurationIsVisible = 0;
			defaultConfigurationName = Release;
		};
		1BA26AC42BB17D51001ACAA8 /* Build configuration list for PBXNativeTarget "Journal AppTests" */ = {
			isa = XCConfigurationList;
			buildConfigurations = (
				1BA26AC52BB17D51001ACAA8 /* Debug */,
				1BA26AC62BB17D51001ACAA8 /* Release */,
			);
			defaultConfigurationIsVisible = 0;
			defaultConfigurationName = Release;
		};
		1BA26AC72BB17D51001ACAA8 /* Build configuration list for PBXNativeTarget "Journal AppUITests" */ = {
			isa = XCConfigurationList;
			buildConfigurations = (
				1BA26AC82BB17D51001ACAA8 /* Debug */,
				1BA26AC92BB17D51001ACAA8 /* Release */,
			);
			defaultConfigurationIsVisible = 0;
			defaultConfigurationName = Release;
		};
/* End XCConfigurationList section */
	};
	rootObject = 1BA26A8F2BB17D50001ACAA8 /* Project object */;
}
